
Microsoft Visual Studio Solution File, Format Version 12.00
# Visual Studio Version 17
VisualStudioVersion = 17.10.34928.147
MinimumVisualStudioVersion = 10.0.40219.1
Project("{9A19103F-16F7-4668-BE54-9A1E7A4F7556}") = "TournamentOrganizer.api", "TournamentOrganizer.api\TournamentOrganizer.api.csproj", "{F78F6DED-3283-48BB-8AA4-C6FA96BD46ED}"
EndProject
Project("{FAE04EC0-301F-11D3-BF4B-00C04F79EFBC}") = "JwtAuth.core", "JwtAuth.core\JwtAuth.core.csproj", "{BFE4D7E1-AF2A-4F66-A8BF-6DBDD4AC08EC}"
EndProject
Project("{FAE04EC0-301F-11D3-BF4B-00C04F79EFBC}") = "JwtAuth.infrastructure", "JwtAuth.infrastructure\JwtAuth.infrastructure.csproj", "{A69C2FC1-2FC9-4758-95B6-434041613FCA}"
EndProject
Project("{FAE04EC0-301F-11D3-BF4B-00C04F79EFBC}") = "JwtAuth.api", "JwtAuth.api\JwtAuth.api.csproj", "{B616EC42-ADF9-4C79-BFA5-561C04D1BF1A}"
EndProject
Global
	GlobalSection(SolutionConfigurationPlatforms) = preSolution
		Debug|Any CPU = Debug|Any CPU
		Release|Any CPU = Release|Any CPU
	EndGlobalSection
	GlobalSection(ProjectConfigurationPlatforms) = postSolution
		{F78F6DED-3283-48BB-8AA4-C6FA96BD46ED}.Debug|Any CPU.ActiveCfg = Debug|Any CPU
		{F78F6DED-3283-48BB-8AA4-C6FA96BD46ED}.Debug|Any CPU.Build.0 = Debug|Any CPU
		{F78F6DED-3283-48BB-8AA4-C6FA96BD46ED}.Release|Any CPU.ActiveCfg = Release|Any CPU
		{F78F6DED-3283-48BB-8AA4-C6FA96BD46ED}.Release|Any CPU.Build.0 = Release|Any CPU
		{BFE4D7E1-AF2A-4F66-A8BF-6DBDD4AC08EC}.Debug|Any CPU.ActiveCfg = Debug|Any CPU
		{BFE4D7E1-AF2A-4F66-A8BF-6DBDD4AC08EC}.Debug|Any CPU.Build.0 = Debug|Any CPU
		{BFE4D7E1-AF2A-4F66-A8BF-6DBDD4AC08EC}.Release|Any CPU.ActiveCfg = Release|Any CPU
		{BFE4D7E1-AF2A-4F66-A8BF-6DBDD4AC08EC}.Release|Any CPU.Build.0 = Release|Any CPU
		{A69C2FC1-2FC9-4758-95B6-434041613FCA}.Debug|Any CPU.ActiveCfg = Debug|Any CPU
		{A69C2FC1-2FC9-4758-95B6-434041613FCA}.Debug|Any CPU.Build.0 = Debug|Any CPU
		{A69C2FC1-2FC9-4758-95B6-434041613FCA}.Release|Any CPU.ActiveCfg = Release|Any CPU
		{A69C2FC1-2FC9-4758-95B6-434041613FCA}.Release|Any CPU.Build.0 = Release|Any CPU
		{B616EC42-ADF9-4C79-BFA5-561C04D1BF1A}.Debug|Any CPU.ActiveCfg = Debug|Any CPU
		{B616EC42-ADF9-4C79-BFA5-561C04D1BF1A}.Debug|Any CPU.Build.0 = Debug|Any CPU
		{B616EC42-ADF9-4C79-BFA5-561C04D1BF1A}.Release|Any CPU.ActiveCfg = Release|Any CPU
		{B616EC42-ADF9-4C79-BFA5-561C04D1BF1A}.Release|Any CPU.Build.0 = Release|Any CPU
	EndGlobalSection
	GlobalSection(SolutionProperties) = preSolution
		HideSolutionNode = FALSE
	EndGlobalSection
	GlobalSection(ExtensibilityGlobals) = postSolution
		SolutionGuid = {8ED71AA1-0048-4581-8934-FFD8D9DAFE16}
	EndGlobalSection
EndGlobal
